// !$*UTF8*$!
{
	archiveVersion = 1;
	classes = {
	};
	objectVersion = 46;
	objects = {

/* Begin PBXBuildFile section */
		182B3BCA1D0028160097002C /* CourseCell.m in Sources */ = {isa = PBXBuildFile; fileRef = 182B3BC91D0028160097002C /* CourseCell.m */; settings = {ASSET_TAGS = (); }; };
		182B3BCF1D005FF20097002C /* AlertLabel.m in Sources */ = {isa = PBXBuildFile; fileRef = 182B3BCE1D005FF20097002C /* AlertLabel.m */; settings = {ASSET_TAGS = (); }; };
		188EF1831CFDC07800E86D51 /* Course.m in Sources */ = {isa = PBXBuildFile; fileRef = 188EF1821CFDC07800E86D51 /* Course.m */; settings = {ASSET_TAGS = (); }; };
		188EF1861CFDF40700E86D51 /* Major.m in Sources */ = {isa = PBXBuildFile; fileRef = 188EF1851CFDF40700E86D51 /* Major.m */; settings = {ASSET_TAGS = (); }; };
		188EF1891CFDF44300E86D51 /* SelectCourse.m in Sources */ = {isa = PBXBuildFile; fileRef = 188EF1881CFDF44300E86D51 /* SelectCourse.m */; settings = {ASSET_TAGS = (); }; };
		188EF18C1CFDF4A000E86D51 /* Student.m in Sources */ = {isa = PBXBuildFile; fileRef = 188EF18B1CFDF4A000E86D51 /* Student.m */; settings = {ASSET_TAGS = (); }; };
		188EF18F1CFDF52500E86D51 /* Teacher.m in Sources */ = {isa = PBXBuildFile; fileRef = 188EF18E1CFDF52500E86D51 /* Teacher.m */; settings = {ASSET_TAGS = (); }; };
		188EF1921CFDF5CC00E86D51 /* Video.m in Sources */ = {isa = PBXBuildFile; fileRef = 188EF1911CFDF5CC00E86D51 /* Video.m */; settings = {ASSET_TAGS = (); }; };
		188EF1971CFDF6F300E86D51 /* TeacherCourseController.m in Sources */ = {isa = PBXBuildFile; fileRef = 188EF1951CFDF6F300E86D51 /* TeacherCourseController.m */; settings = {ASSET_TAGS = (); }; };
		188EF1981CFDF6F300E86D51 /* TeacherCourseController.xib in Resources */ = {isa = PBXBuildFile; fileRef = 188EF1961CFDF6F300E86D51 /* TeacherCourseController.xib */; settings = {ASSET_TAGS = (); }; };
		188EF19C1CFDF71300E86D51 /* TeacherOperationController.m in Sources */ = {isa = PBXBuildFile; fileRef = 188EF19A1CFDF71300E86D51 /* TeacherOperationController.m */; settings = {ASSET_TAGS = (); }; };
		188EF19D1CFDF71300E86D51 /* TeacherOperationController.xib in Resources */ = {isa = PBXBuildFile; fileRef = 188EF19B1CFDF71300E86D51 /* TeacherOperationController.xib */; settings = {ASSET_TAGS = (); }; };
		188EF1A11CFDF72400E86D51 /* TeacherMeViewController.m in Sources */ = {isa = PBXBuildFile; fileRef = 188EF19F1CFDF72400E86D51 /* TeacherMeViewController.m */; settings = {ASSET_TAGS = (); }; };
		188EF1A21CFDF72400E86D51 /* TeacherMeViewController.xib in Resources */ = {isa = PBXBuildFile; fileRef = 188EF1A01CFDF72400E86D51 /* TeacherMeViewController.xib */; settings = {ASSET_TAGS = (); }; };
		188EF1F51CFEED1300E86D51 /* UserDataManager.m in Sources */ = {isa = PBXBuildFile; fileRef = 188EF1F21CFEED1300E86D51 /* UserDataManager.m */; settings = {ASSET_TAGS = (); }; };
		188EF1F61CFEED1300E86D51 /* SZYKeychain.m in Sources */ = {isa = PBXBuildFile; fileRef = 188EF1F41CFEED1300E86D51 /* SZYKeychain.m */; settings = {ASSET_TAGS = (); }; };
		18FE6F2E1CF6D2E4000B0A90 /* main.m in Sources */ = {isa = PBXBuildFile; fileRef = 18FE6F2D1CF6D2E4000B0A90 /* main.m */; };
		18FE6F311CF6D2E4000B0A90 /* AppDelegate.m in Sources */ = {isa = PBXBuildFile; fileRef = 18FE6F301CF6D2E4000B0A90 /* AppDelegate.m */; };
		18FE6F341CF6D2E4000B0A90 /* ViewController.m in Sources */ = {isa = PBXBuildFile; fileRef = 18FE6F331CF6D2E4000B0A90 /* ViewController.m */; };
		18FE6F371CF6D2E4000B0A90 /* Main.storyboard in Resources */ = {isa = PBXBuildFile; fileRef = 18FE6F351CF6D2E4000B0A90 /* Main.storyboard */; };
		18FE6F391CF6D2E4000B0A90 /* Assets.xcassets in Resources */ = {isa = PBXBuildFile; fileRef = 18FE6F381CF6D2E4000B0A90 /* Assets.xcassets */; };
		18FE6F3C1CF6D2E4000B0A90 /* LaunchScreen.storyboard in Resources */ = {isa = PBXBuildFile; fileRef = 18FE6F3A1CF6D2E4000B0A90 /* LaunchScreen.storyboard */; };
		18FE6F461CF6E4BF000B0A90 /* LoginViewController.m in Sources */ = {isa = PBXBuildFile; fileRef = 18FE6F441CF6E4BF000B0A90 /* LoginViewController.m */; settings = {ASSET_TAGS = (); }; };
		18FE6F471CF6E4BF000B0A90 /* LoginViewController.xib in Resources */ = {isa = PBXBuildFile; fileRef = 18FE6F451CF6E4BF000B0A90 /* LoginViewController.xib */; settings = {ASSET_TAGS = (); }; };
		18FE6F521CF6E894000B0A90 /* StudentCourseController.m in Sources */ = {isa = PBXBuildFile; fileRef = 18FE6F501CF6E894000B0A90 /* StudentCourseController.m */; settings = {ASSET_TAGS = (); }; };
		18FE6F531CF6E894000B0A90 /* StudentCourseController.xib in Resources */ = {isa = PBXBuildFile; fileRef = 18FE6F511CF6E894000B0A90 /* StudentCourseController.xib */; settings = {ASSET_TAGS = (); }; };
		18FE6F571CF6E8C6000B0A90 /* StudentOperationController.m in Sources */ = {isa = PBXBuildFile; fileRef = 18FE6F551CF6E8C6000B0A90 /* StudentOperationController.m */; settings = {ASSET_TAGS = (); }; };
		18FE6F581CF6E8C6000B0A90 /* StudentOperationController.xib in Resources */ = {isa = PBXBuildFile; fileRef = 18FE6F561CF6E8C6000B0A90 /* StudentOperationController.xib */; settings = {ASSET_TAGS = (); }; };
		18FE6F5C1CF6E8E4000B0A90 /* StudentMeController.m in Sources */ = {isa = PBXBuildFile; fileRef = 18FE6F5A1CF6E8E4000B0A90 /* StudentMeController.m */; settings = {ASSET_TAGS = (); }; };
		18FE6F5D1CF6E8E4000B0A90 /* StudentMeController.xib in Resources */ = {isa = PBXBuildFile; fileRef = 18FE6F5B1CF6E8E4000B0A90 /* StudentMeController.xib */; settings = {ASSET_TAGS = (); }; };
		C20AE7E7C503253FE0846AB8 /* Pods_NetworkClassRoom.framework in Frameworks */ = {isa = PBXBuildFile; fileRef = 7A2612B483DFD513095A04C2 /* Pods_NetworkClassRoom.framework */; };
/* End PBXBuildFile section */

/* Begin PBXFileReference section */
		182B3BC81D0028160097002C /* CourseCell.h */ = {isa = PBXFileReference; fileEncoding = 4; lastKnownFileType = sourcecode.c.h; path = CourseCell.h; sourceTree = "<group>"; };
		182B3BC91D0028160097002C /* CourseCell.m */ = {isa = PBXFileReference; fileEncoding = 4; lastKnownFileType = sourcecode.c.objc; path = CourseCell.m; sourceTree = "<group>"; };
		182B3BCB1D0056640097002C /* PrefixHeader.pch */ = {isa = PBXFileReference; fileEncoding = 4; lastKnownFileType = sourcecode.c.h; path = PrefixHeader.pch; sourceTree = "<group>"; };
		182B3BCD1D005FF20097002C /* AlertLabel.h */ = {isa = PBXFileReference; fileEncoding = 4; lastKnownFileType = sourcecode.c.h; path = AlertLabel.h; sourceTree = "<group>"; };
		182B3BCE1D005FF20097002C /* AlertLabel.m */ = {isa = PBXFileReference; fileEncoding = 4; lastKnownFileType = sourcecode.c.objc; path = AlertLabel.m; sourceTree = "<group>"; };
		188EF1811CFDC07800E86D51 /* Course.h */ = {isa = PBXFileReference; fileEncoding = 4; lastKnownFileType = sourcecode.c.h; path = Course.h; sourceTree = "<group>"; };
		188EF1821CFDC07800E86D51 /* Course.m */ = {isa = PBXFileReference; fileEncoding = 4; lastKnownFileType = sourcecode.c.objc; path = Course.m; sourceTree = "<group>"; };
		188EF1841CFDF40700E86D51 /* Major.h */ = {isa = PBXFileReference; fileEncoding = 4; lastKnownFileType = sourcecode.c.h; path = Major.h; sourceTree = "<group>"; };
		188EF1851CFDF40700E86D51 /* Major.m */ = {isa = PBXFileReference; fileEncoding = 4; lastKnownFileType = sourcecode.c.objc; path = Major.m; sourceTree = "<group>"; };
		188EF1871CFDF44300E86D51 /* SelectCourse.h */ = {isa = PBXFileReference; fileEncoding = 4; lastKnownFileType = sourcecode.c.h; path = SelectCourse.h; sourceTree = "<group>"; };
		188EF1881CFDF44300E86D51 /* SelectCourse.m */ = {isa = PBXFileReference; fileEncoding = 4; lastKnownFileType = sourcecode.c.objc; path = SelectCourse.m; sourceTree = "<group>"; };
		188EF18A1CFDF4A000E86D51 /* Student.h */ = {isa = PBXFileReference; fileEncoding = 4; lastKnownFileType = sourcecode.c.h; path = Student.h; sourceTree = "<group>"; };
		188EF18B1CFDF4A000E86D51 /* Student.m */ = {isa = PBXFileReference; fileEncoding = 4; lastKnownFileType = sourcecode.c.objc; path = Student.m; sourceTree = "<group>"; };
		188EF18D1CFDF52500E86D51 /* Teacher.h */ = {isa = PBXFileReference; fileEncoding = 4; lastKnownFileType = sourcecode.c.h; path = Teacher.h; sourceTree = "<group>"; };
		188EF18E1CFDF52500E86D51 /* Teacher.m */ = {isa = PBXFileReference; fileEncoding = 4; lastKnownFileType = sourcecode.c.objc; path = Teacher.m; sourceTree = "<group>"; };
		188EF1901CFDF5CC00E86D51 /* Video.h */ = {isa = PBXFileReference; fileEncoding = 4; lastKnownFileType = sourcecode.c.h; path = Video.h; sourceTree = "<group>"; };
		188EF1911CFDF5CC00E86D51 /* Video.m */ = {isa = PBXFileReference; fileEncoding = 4; lastKnownFileType = sourcecode.c.objc; path = Video.m; sourceTree = "<group>"; };
		188EF1941CFDF6F300E86D51 /* TeacherCourseController.h */ = {isa = PBXFileReference; fileEncoding = 4; lastKnownFileType = sourcecode.c.h; path = TeacherCourseController.h; sourceTree = "<group>"; };
		188EF1951CFDF6F300E86D51 /* TeacherCourseController.m */ = {isa = PBXFileReference; fileEncoding = 4; lastKnownFileType = sourcecode.c.objc; path = TeacherCourseController.m; sourceTree = "<group>"; };
		188EF1961CFDF6F300E86D51 /* TeacherCourseController.xib */ = {isa = PBXFileReference; fileEncoding = 4; lastKnownFileType = file.xib; path = TeacherCourseController.xib; sourceTree = "<group>"; };
		188EF1991CFDF71300E86D51 /* TeacherOperationController.h */ = {isa = PBXFileReference; fileEncoding = 4; lastKnownFileType = sourcecode.c.h; path = TeacherOperationController.h; sourceTree = "<group>"; };
		188EF19A1CFDF71300E86D51 /* TeacherOperationController.m */ = {isa = PBXFileReference; fileEncoding = 4; lastKnownFileType = sourcecode.c.objc; path = TeacherOperationController.m; sourceTree = "<group>"; };
		188EF19B1CFDF71300E86D51 /* TeacherOperationController.xib */ = {isa = PBXFileReference; fileEncoding = 4; lastKnownFileType = file.xib; path = TeacherOperationController.xib; sourceTree = "<group>"; };
		188EF19E1CFDF72400E86D51 /* TeacherMeViewController.h */ = {isa = PBXFileReference; fileEncoding = 4; lastKnownFileType = sourcecode.c.h; path = TeacherMeViewController.h; sourceTree = "<group>"; };
		188EF19F1CFDF72400E86D51 /* TeacherMeViewController.m */ = {isa = PBXFileReference; fileEncoding = 4; lastKnownFileType = sourcecode.c.objc; path = TeacherMeViewController.m; sourceTree = "<group>"; };
		188EF1A01CFDF72400E86D51 /* TeacherMeViewController.xib */ = {isa = PBXFileReference; fileEncoding = 4; lastKnownFileType = file.xib; path = TeacherMeViewController.xib; sourceTree = "<group>"; };
		188EF1F11CFEED1300E86D51 /* UserDataManager.h */ = {isa = PBXFileReference; fileEncoding = 4; lastKnownFileType = sourcecode.c.h; path = UserDataManager.h; sourceTree = "<group>"; };
		188EF1F21CFEED1300E86D51 /* UserDataManager.m */ = {isa = PBXFileReference; fileEncoding = 4; lastKnownFileType = sourcecode.c.objc; path = UserDataManager.m; sourceTree = "<group>"; };
		188EF1F31CFEED1300E86D51 /* SZYKeychain.h */ = {isa = PBXFileReference; fileEncoding = 4; lastKnownFileType = sourcecode.c.h; path = SZYKeychain.h; sourceTree = "<group>"; };
		188EF1F41CFEED1300E86D51 /* SZYKeychain.m */ = {isa = PBXFileReference; fileEncoding = 4; lastKnownFileType = sourcecode.c.objc; path = SZYKeychain.m; sourceTree = "<group>"; };
		18FE6F291CF6D2E4000B0A90 /* NetworkClassRoom.app */ = {isa = PBXFileReference; explicitFileType = wrapper.application; includeInIndex = 0; path = NetworkClassRoom.app; sourceTree = BUILT_PRODUCTS_DIR; };
		18FE6F2D1CF6D2E4000B0A90 /* main.m */ = {isa = PBXFileReference; lastKnownFileType = sourcecode.c.objc; path = main.m; sourceTree = "<group>"; };
		18FE6F2F1CF6D2E4000B0A90 /* AppDelegate.h */ = {isa = PBXFileReference; lastKnownFileType = sourcecode.c.h; path = AppDelegate.h; sourceTree = "<group>"; };
		18FE6F301CF6D2E4000B0A90 /* AppDelegate.m */ = {isa = PBXFileReference; lastKnownFileType = sourcecode.c.objc; path = AppDelegate.m; sourceTree = "<group>"; };
		18FE6F321CF6D2E4000B0A90 /* ViewController.h */ = {isa = PBXFileReference; lastKnownFileType = sourcecode.c.h; path = ViewController.h; sourceTree = "<group>"; };
		18FE6F331CF6D2E4000B0A90 /* ViewController.m */ = {isa = PBXFileReference; lastKnownFileType = sourcecode.c.objc; path = ViewController.m; sourceTree = "<group>"; };
		18FE6F361CF6D2E4000B0A90 /* Base */ = {isa = PBXFileReference; lastKnownFileType = file.storyboard; name = Base; path = Base.lproj/Main.storyboard; sourceTree = "<group>"; };
		18FE6F381CF6D2E4000B0A90 /* Assets.xcassets */ = {isa = PBXFileReference; lastKnownFileType = folder.assetcatalog; path = Assets.xcassets; sourceTree = "<group>"; };
		18FE6F3B1CF6D2E4000B0A90 /* Base */ = {isa = PBXFileReference; lastKnownFileType = file.storyboard; name = Base; path = Base.lproj/LaunchScreen.storyboard; sourceTree = "<group>"; };
		18FE6F3D1CF6D2E4000B0A90 /* Info.plist */ = {isa = PBXFileReference; lastKnownFileType = text.plist.xml; path = Info.plist; sourceTree = "<group>"; };
		18FE6F431CF6E4BF000B0A90 /* LoginViewController.h */ = {isa = PBXFileReference; fileEncoding = 4; lastKnownFileType = sourcecode.c.h; path = LoginViewController.h; sourceTree = "<group>"; };
		18FE6F441CF6E4BF000B0A90 /* LoginViewController.m */ = {isa = PBXFileReference; fileEncoding = 4; lastKnownFileType = sourcecode.c.objc; path = LoginViewController.m; sourceTree = "<group>"; };
		18FE6F451CF6E4BF000B0A90 /* LoginViewController.xib */ = {isa = PBXFileReference; fileEncoding = 4; lastKnownFileType = file.xib; path = LoginViewController.xib; sourceTree = "<group>"; };
		18FE6F4F1CF6E894000B0A90 /* StudentCourseController.h */ = {isa = PBXFileReference; fileEncoding = 4; lastKnownFileType = sourcecode.c.h; path = StudentCourseController.h; sourceTree = "<group>"; };
		18FE6F501CF6E894000B0A90 /* StudentCourseController.m */ = {isa = PBXFileReference; fileEncoding = 4; lastKnownFileType = sourcecode.c.objc; path = StudentCourseController.m; sourceTree = "<group>"; };
		18FE6F511CF6E894000B0A90 /* StudentCourseController.xib */ = {isa = PBXFileReference; fileEncoding = 4; lastKnownFileType = file.xib; path = StudentCourseController.xib; sourceTree = "<group>"; };
		18FE6F541CF6E8C6000B0A90 /* StudentOperationController.h */ = {isa = PBXFileReference; fileEncoding = 4; lastKnownFileType = sourcecode.c.h; path = StudentOperationController.h; sourceTree = "<group>"; };
		18FE6F551CF6E8C6000B0A90 /* StudentOperationController.m */ = {isa = PBXFileReference; fileEncoding = 4; lastKnownFileType = sourcecode.c.objc; path = StudentOperationController.m; sourceTree = "<group>"; };
		18FE6F561CF6E8C6000B0A90 /* StudentOperationController.xib */ = {isa = PBXFileReference; fileEncoding = 4; lastKnownFileType = file.xib; path = StudentOperationController.xib; sourceTree = "<group>"; };
		18FE6F591CF6E8E4000B0A90 /* StudentMeController.h */ = {isa = PBXFileReference; fileEncoding = 4; lastKnownFileType = sourcecode.c.h; path = StudentMeController.h; sourceTree = "<group>"; };
		18FE6F5A1CF6E8E4000B0A90 /* StudentMeController.m */ = {isa = PBXFileReference; fileEncoding = 4; lastKnownFileType = sourcecode.c.objc; path = StudentMeController.m; sourceTree = "<group>"; };
		18FE6F5B1CF6E8E4000B0A90 /* StudentMeController.xib */ = {isa = PBXFileReference; fileEncoding = 4; lastKnownFileType = file.xib; path = StudentMeController.xib; sourceTree = "<group>"; };
		7A2612B483DFD513095A04C2 /* Pods_NetworkClassRoom.framework */ = {isa = PBXFileReference; explicitFileType = wrapper.framework; includeInIndex = 0; path = Pods_NetworkClassRoom.framework; sourceTree = BUILT_PRODUCTS_DIR; };
		B6A5156CB77567A82AF1775E /* Pods-NetworkClassRoom.release.xcconfig */ = {isa = PBXFileReference; includeInIndex = 1; lastKnownFileType = text.xcconfig; name = "Pods-NetworkClassRoom.release.xcconfig"; path = "Pods/Target Support Files/Pods-NetworkClassRoom/Pods-NetworkClassRoom.release.xcconfig"; sourceTree = "<group>"; };
		DFC00438995ACA739090220D /* Pods-NetworkClassRoom.debug.xcconfig */ = {isa = PBXFileReference; includeInIndex = 1; lastKnownFileType = text.xcconfig; name = "Pods-NetworkClassRoom.debug.xcconfig"; path = "Pods/Target Support Files/Pods-NetworkClassRoom/Pods-NetworkClassRoom.debug.xcconfig"; sourceTree = "<group>"; };
/* End PBXFileReference section */

/* Begin PBXFrameworksBuildPhase section */
		18FE6F261CF6D2E4000B0A90 /* Frameworks */ = {
			isa = PBXFrameworksBuildPhase;
			buildActionMask = 2147483647;
			files = (
				C20AE7E7C503253FE0846AB8 /* Pods_NetworkClassRoom.framework in Frameworks */,
			);
			runOnlyForDeploymentPostprocessing = 0;
		};
/* End PBXFrameworksBuildPhase section */

/* Begin PBXGroup section */
		182B3BC61D0027CF0097002C /* View */ = {
			isa = PBXGroup;
			children = (
				182B3BC71D0027E50097002C /* Cell */,
			);
			name = View;
			sourceTree = "<group>";
		};
		182B3BC71D0027E50097002C /* Cell */ = {
			isa = PBXGroup;
			children = (
				182B3BC81D0028160097002C /* CourseCell.h */,
				182B3BC91D0028160097002C /* CourseCell.m */,
			);
			name = Cell;
			sourceTree = "<group>";
		};
		182B3BCC1D005FC50097002C /* Utills */ = {
			isa = PBXGroup;
			children = (
				182B3BCD1D005FF20097002C /* AlertLabel.h */,
				182B3BCE1D005FF20097002C /* AlertLabel.m */,
			);
			name = Utills;
			sourceTree = "<group>";
		};
		188EF1801CFDBA6E00E86D51 /* Model */ = {
			isa = PBXGroup;
			children = (
				188EF1F11CFEED1300E86D51 /* UserDataManager.h */,
				188EF1F21CFEED1300E86D51 /* UserDataManager.m */,
				188EF1F31CFEED1300E86D51 /* SZYKeychain.h */,
				188EF1F41CFEED1300E86D51 /* SZYKeychain.m */,
				188EF1811CFDC07800E86D51 /* Course.h */,
				188EF1821CFDC07800E86D51 /* Course.m */,
				188EF1841CFDF40700E86D51 /* Major.h */,
				188EF1851CFDF40700E86D51 /* Major.m */,
				188EF1871CFDF44300E86D51 /* SelectCourse.h */,
				188EF1881CFDF44300E86D51 /* SelectCourse.m */,
				188EF18A1CFDF4A000E86D51 /* Student.h */,
				188EF18B1CFDF4A000E86D51 /* Student.m */,
				188EF18D1CFDF52500E86D51 /* Teacher.h */,
				188EF18E1CFDF52500E86D51 /* Teacher.m */,
				188EF1901CFDF5CC00E86D51 /* Video.h */,
				188EF1911CFDF5CC00E86D51 /* Video.m */,
			);
			name = Model;
			sourceTree = "<group>";
		};
		188EF1931CFDF6A800E86D51 /* Teacher */ = {
			isa = PBXGroup;
			children = (
				188EF1941CFDF6F300E86D51 /* TeacherCourseController.h */,
				188EF1951CFDF6F300E86D51 /* TeacherCourseController.m */,
				188EF1961CFDF6F300E86D51 /* TeacherCourseController.xib */,
				188EF1991CFDF71300E86D51 /* TeacherOperationController.h */,
				188EF19A1CFDF71300E86D51 /* TeacherOperationController.m */,
				188EF19B1CFDF71300E86D51 /* TeacherOperationController.xib */,
				188EF19E1CFDF72400E86D51 /* TeacherMeViewController.h */,
				188EF19F1CFDF72400E86D51 /* TeacherMeViewController.m */,
				188EF1A01CFDF72400E86D51 /* TeacherMeViewController.xib */,
			);
			name = Teacher;
			sourceTree = "<group>";
		};
		18FE6F201CF6D2E4000B0A90 = {
			isa = PBXGroup;
			children = (
				18FE6F2B1CF6D2E4000B0A90 /* NetworkClassRoom */,
				18FE6F2A1CF6D2E4000B0A90 /* Products */,
				6991418350C0DA217F5B858F /* Pods */,
				A4F6914F5E6B5D3A66396216 /* Frameworks */,
			);
			sourceTree = "<group>";
		};
		18FE6F2A1CF6D2E4000B0A90 /* Products */ = {
			isa = PBXGroup;
			children = (
				18FE6F291CF6D2E4000B0A90 /* NetworkClassRoom.app */,
			);
			name = Products;
			sourceTree = "<group>";
		};
		18FE6F2B1CF6D2E4000B0A90 /* NetworkClassRoom */ = {
			isa = PBXGroup;
			children = (
				18FE6F2F1CF6D2E4000B0A90 /* AppDelegate.h */,
				18FE6F301CF6D2E4000B0A90 /* AppDelegate.m */,
				18FE6F431CF6E4BF000B0A90 /* LoginViewController.h */,
				18FE6F441CF6E4BF000B0A90 /* LoginViewController.m */,
				18FE6F451CF6E4BF000B0A90 /* LoginViewController.xib */,
				182B3BCC1D005FC50097002C /* Utills */,
				182B3BC61D0027CF0097002C /* View */,
				188EF1801CFDBA6E00E86D51 /* Model */,
				188EF1931CFDF6A800E86D51 /* Teacher */,
				18FE6F4E1CF6E86A000B0A90 /* Student */,
				18FE6F381CF6D2E4000B0A90 /* Assets.xcassets */,
				18FE6F3A1CF6D2E4000B0A90 /* LaunchScreen.storyboard */,
				18FE6F3D1CF6D2E4000B0A90 /* Info.plist */,
				18FE6F2C1CF6D2E4000B0A90 /* Supporting Files */,
				182B3BCB1D0056640097002C /* PrefixHeader.pch */,
			);
			path = NetworkClassRoom;
			sourceTree = "<group>";
		};
		18FE6F2C1CF6D2E4000B0A90 /* Supporting Files */ = {
			isa = PBXGroup;
			children = (
				18FE6F321CF6D2E4000B0A90 /* ViewController.h */,
				18FE6F331CF6D2E4000B0A90 /* ViewController.m */,
				18FE6F351CF6D2E4000B0A90 /* Main.storyboard */,
				18FE6F2D1CF6D2E4000B0A90 /* main.m */,
			);
			name = "Supporting Files";
			sourceTree = "<group>";
		};
		18FE6F4E1CF6E86A000B0A90 /* Student */ = {
			isa = PBXGroup;
			children = (
				18FE6F4F1CF6E894000B0A90 /* StudentCourseController.h */,
				18FE6F501CF6E894000B0A90 /* StudentCourseController.m */,
				18FE6F511CF6E894000B0A90 /* StudentCourseController.xib */,
				18FE6F541CF6E8C6000B0A90 /* StudentOperationController.h */,
				18FE6F551CF6E8C6000B0A90 /* StudentOperationController.m */,
				18FE6F561CF6E8C6000B0A90 /* StudentOperationController.xib */,
				18FE6F591CF6E8E4000B0A90 /* StudentMeController.h */,
				18FE6F5A1CF6E8E4000B0A90 /* StudentMeController.m */,
				18FE6F5B1CF6E8E4000B0A90 /* StudentMeController.xib */,
			);
			name = Student;
			sourceTree = "<group>";
		};
		6991418350C0DA217F5B858F /* Pods */ = {
			isa = PBXGroup;
			children = (
				DFC00438995ACA739090220D /* Pods-NetworkClassRoom.debug.xcconfig */,
				B6A5156CB77567A82AF1775E /* Pods-NetworkClassRoom.release.xcconfig */,
			);
			name = Pods;
			sourceTree = "<group>";
		};
		A4F6914F5E6B5D3A66396216 /* Frameworks */ = {
			isa = PBXGroup;
			children = (
				7A2612B483DFD513095A04C2 /* Pods_NetworkClassRoom.framework */,
			);
			name = Frameworks;
			sourceTree = "<group>";
		};
/* End PBXGroup section */

/* Begin PBXNativeTarget section */
		18FE6F281CF6D2E4000B0A90 /* NetworkClassRoom */ = {
			isa = PBXNativeTarget;
			buildConfigurationList = 18FE6F401CF6D2E4000B0A90 /* Build configuration list for PBXNativeTarget "NetworkClassRoom" */;
			buildPhases = (
				3E1803975723239C2B2F3B97 /* 📦 Check Pods Manifest.lock */,
				18FE6F251CF6D2E4000B0A90 /* Sources */,
				18FE6F261CF6D2E4000B0A90 /* Frameworks */,
				18FE6F271CF6D2E4000B0A90 /* Resources */,
				78B74FEB3B5FC018B6EC51F3 /* 📦 Embed Pods Frameworks */,
				EFC13E2C6ADC29004E3B7C01 /* 📦 Copy Pods Resources */,
			);
			buildRules = (
			);
			dependencies = (
			);
			name = NetworkClassRoom;
			productName = NetworkClassRoom;
			productReference = 18FE6F291CF6D2E4000B0A90 /* NetworkClassRoom.app */;
			productType = "com.apple.product-type.application";
		};
/* End PBXNativeTarget section */

/* Begin PBXProject section */
		18FE6F211CF6D2E4000B0A90 /* Project object */ = {
			isa = PBXProject;
			attributes = {
				LastUpgradeCheck = 0700;
				ORGANIZATIONNAME = apple;
				TargetAttributes = {
					18FE6F281CF6D2E4000B0A90 = {
						CreatedOnToolsVersion = 7.0;
					};
				};
			};
			buildConfigurationList = 18FE6F241CF6D2E4000B0A90 /* Build configuration list for PBXProject "NetworkClassRoom" */;
			compatibilityVersion = "Xcode 3.2";
			developmentRegion = English;
			hasScannedForEncodings = 0;
			knownRegions = (
				en,
				Base,
			);
			mainGroup = 18FE6F201CF6D2E4000B0A90;
			productRefGroup = 18FE6F2A1CF6D2E4000B0A90 /* Products */;
			projectDirPath = "";
			projectRoot = "";
			targets = (
				18FE6F281CF6D2E4000B0A90 /* NetworkClassRoom */,
			);
		};
/* End PBXProject section */

/* Begin PBXResourcesBuildPhase section */
		18FE6F271CF6D2E4000B0A90 /* Resources */ = {
			isa = PBXResourcesBuildPhase;
			buildActionMask = 2147483647;
			files = (
				18FE6F471CF6E4BF000B0A90 /* LoginViewController.xib in Resources */,
				188EF1A21CFDF72400E86D51 /* TeacherMeViewController.xib in Resources */,
				18FE6F3C1CF6D2E4000B0A90 /* LaunchScreen.storyboard in Resources */,
				18FE6F391CF6D2E4000B0A90 /* Assets.xcassets in Resources */,
				18FE6F581CF6E8C6000B0A90 /* StudentOperationController.xib in Resources */,
				18FE6F371CF6D2E4000B0A90 /* Main.storyboard in Resources */,
				188EF19D1CFDF71300E86D51 /* TeacherOperationController.xib in Resources */,
				188EF1981CFDF6F300E86D51 /* TeacherCourseController.xib in Resources */,
				18FE6F5D1CF6E8E4000B0A90 /* StudentMeController.xib in Resources */,
				18FE6F531CF6E894000B0A90 /* StudentCourseController.xib in Resources */,
			);
			runOnlyForDeploymentPostprocessing = 0;
		};
/* End PBXResourcesBuildPhase section */

/* Begin PBXShellScriptBuildPhase section */
		3E1803975723239C2B2F3B97 /* 📦 Check Pods Manifest.lock */ = {
			isa = PBXShellScriptBuildPhase;
			buildActionMask = 2147483647;
			files = (
			);
			inputPaths = (
			);
			name = "📦 Check Pods Manifest.lock";
			outputPaths = (
			);
			runOnlyForDeploymentPostprocessing = 0;
			shellPath = /bin/sh;
			shellScript = "diff \"${PODS_ROOT}/../Podfile.lock\" \"${PODS_ROOT}/Manifest.lock\" > /dev/null\nif [[ $? != 0 ]] ; then\n    cat << EOM\nerror: The sandbox is not in sync with the Podfile.lock. Run 'pod install' or update your CocoaPods installation.\nEOM\n    exit 1\nfi\n";
			showEnvVarsInLog = 0;
		};
		78B74FEB3B5FC018B6EC51F3 /* 📦 Embed Pods Frameworks */ = {
			isa = PBXShellScriptBuildPhase;
			buildActionMask = 2147483647;
			files = (
			);
			inputPaths = (
			);
			name = "📦 Embed Pods Frameworks";
			outputPaths = (
			);
			runOnlyForDeploymentPostprocessing = 0;
			shellPath = /bin/sh;
			shellScript = "\"${SRCROOT}/Pods/Target Support Files/Pods-NetworkClassRoom/Pods-NetworkClassRoom-frameworks.sh\"\n";
			showEnvVarsInLog = 0;
		};
		EFC13E2C6ADC29004E3B7C01 /* 📦 Copy Pods Resources */ = {
			isa = PBXShellScriptBuildPhase;
			buildActionMask = 2147483647;
			files = (
			);
			inputPaths = (
			);
			name = "📦 Copy Pods Resources";
			outputPaths = (
			);
			runOnlyForDeploymentPostprocessing = 0;
			shellPath = /bin/sh;
			shellScript = "\"${SRCROOT}/Pods/Target Support Files/Pods-NetworkClassRoom/Pods-NetworkClassRoom-resources.sh\"\n";
			showEnvVarsInLog = 0;
		};
/* End PBXShellScriptBuildPhase section */

/* Begin PBXSourcesBuildPhase section */
		18FE6F251CF6D2E4000B0A90 /* Sources */ = {
			isa = PBXSourcesBuildPhase;
			buildActionMask = 2147483647;
			files = (
				188EF18F1CFDF52500E86D51 /* Teacher.m in Sources */,
				188EF1A11CFDF72400E86D51 /* TeacherMeViewController.m in Sources */,
				188EF18C1CFDF4A000E86D51 /* Student.m in Sources */,
				18FE6F461CF6E4BF000B0A90 /* LoginViewController.m in Sources */,
				188EF1F51CFEED1300E86D51 /* UserDataManager.m in Sources */,
				18FE6F341CF6D2E4000B0A90 /* ViewController.m in Sources */,
				188EF1891CFDF44300E86D51 /* SelectCourse.m in Sources */,
				18FE6F311CF6D2E4000B0A90 /* AppDelegate.m in Sources */,
				18FE6F521CF6E894000B0A90 /* StudentCourseController.m in Sources */,
				182B3BCA1D0028160097002C /* CourseCell.m in Sources */,
				188EF19C1CFDF71300E86D51 /* TeacherOperationController.m in Sources */,
				188EF1971CFDF6F300E86D51 /* TeacherCourseController.m in Sources */,
				188EF1831CFDC07800E86D51 /* Course.m in Sources */,
				18FE6F2E1CF6D2E4000B0A90 /* main.m in Sources */,
				188EF1861CFDF40700E86D51 /* Major.m in Sources */,
				188EF1F61CFEED1300E86D51 /* SZYKeychain.m in Sources */,
				18FE6F5C1CF6E8E4000B0A90 /* StudentMeController.m in Sources */,
				18FE6F571CF6E8C6000B0A90 /* StudentOperationController.m in Sources */,
				188EF1921CFDF5CC00E86D51 /* Video.m in Sources */,
				182B3BCF1D005FF20097002C /* AlertLabel.m in Sources */,
			);
			runOnlyForDeploymentPostprocessing = 0;
		};
/* End PBXSourcesBuildPhase section */

/* Begin PBXVariantGroup section */
		18FE6F351CF6D2E4000B0A90 /* Main.storyboard */ = {
			isa = PBXVariantGroup;
			children = (
				18FE6F361CF6D2E4000B0A90 /* Base */,
			);
			name = Main.storyboard;
			sourceTree = "<group>";
		};
		18FE6F3A1CF6D2E4000B0A90 /* LaunchScreen.storyboard */ = {
			isa = PBXVariantGroup;
			children = (
				18FE6F3B1CF6D2E4000B0A90 /* Base */,
			);
			name = LaunchScreen.storyboard;
			sourceTree = "<group>";
		};
/* End PBXVariantGroup section */

/* Begin XCBuildConfiguration section */
		18FE6F3E1CF6D2E4000B0A90 /* Debug */ = {
			isa = XCBuildConfiguration;
			buildSettings = {
				ALWAYS_SEARCH_USER_PATHS = NO;
				CLANG_CXX_LANGUAGE_STANDARD = "gnu++0x";
				CLANG_CXX_LIBRARY = "libc++";
				CLANG_ENABLE_MODULES = YES;
				CLANG_ENABLE_OBJC_ARC = YES;
				CLANG_WARN_BOOL_CONVERSION = YES;
				CLANG_WARN_CONSTANT_CONVERSION = YES;
				CLANG_WARN_DIRECT_OBJC_ISA_USAGE = YES_ERROR;
				CLANG_WARN_EMPTY_BODY = YES;
				CLANG_WARN_ENUM_CONVERSION = YES;
				CLANG_WARN_INT_CONVERSION = YES;
				CLANG_WARN_OBJC_ROOT_CLASS = YES_ERROR;
				CLANG_WARN_UNREACHABLE_CODE = YES;
				CLANG_WARN__DUPLICATE_METHOD_MATCH = YES;
				"CODE_SIGN_IDENTITY[sdk=iphoneos*]" = "iPhone Developer";
				COPY_PHASE_STRIP = NO;
				DEBUG_INFORMATION_FORMAT = dwarf;
				ENABLE_STRICT_OBJC_MSGSEND = YES;
				ENABLE_TESTABILITY = YES;
				GCC_C_LANGUAGE_STANDARD = gnu99;
				GCC_DYNAMIC_NO_PIC = NO;
				GCC_NO_COMMON_BLOCKS = YES;
				GCC_OPTIMIZATION_LEVEL = 0;
				GCC_PREPROCESSOR_DEFINITIONS = (
					"DEBUG=1",
					"$(inherited)",
				);
				GCC_WARN_64_TO_32_BIT_CONVERSION = YES;
				GCC_WARN_ABOUT_RETURN_TYPE = YES_ERROR;
				GCC_WARN_UNDECLARED_SELECTOR = YES;
				GCC_WARN_UNINITIALIZED_AUTOS = YES_AGGRESSIVE;
				GCC_WARN_UNUSED_FUNCTION = YES;
				GCC_WARN_UNUSED_VARIABLE = YES;
				IPHONEOS_DEPLOYMENT_TARGET = 9.0;
				MTL_ENABLE_DEBUG_INFO = YES;
				ONLY_ACTIVE_ARCH = YES;
				SDKROOT = iphoneos;
			};
			name = Debug;
		};
		18FE6F3F1CF6D2E4000B0A90 /* Release */ = {
			isa = XCBuildConfiguration;
			buildSettings = {
				ALWAYS_SEARCH_USER_PATHS = NO;
				CLANG_CXX_LANGUAGE_STANDARD = "gnu++0x";
				CLANG_CXX_LIBRARY = "libc++";
				CLANG_ENABLE_MODULES = YES;
				CLANG_ENABLE_OBJC_ARC = YES;
				CLANG_WARN_BOOL_CONVERSION = YES;
				CLANG_WARN_CONSTANT_CONVERSION = YES;
				CLANG_WARN_DIRECT_OBJC_ISA_USAGE = YES_ERROR;
				CLANG_WARN_EMPTY_BODY = YES;
				CLANG_WARN_ENUM_CONVERSION = YES;
				CLANG_WARN_INT_CONVERSION = YES;
				CLANG_WARN_OBJC_ROOT_CLASS = YES_ERROR;
				CLANG_WARN_UNREACHABLE_CODE = YES;
				CLANG_WARN__DUPLICATE_METHOD_MATCH = YES;
				"CODE_SIGN_IDENTITY[sdk=iphoneos*]" = "iPhone Developer";
				COPY_PHASE_STRIP = NO;
				DEBUG_INFORMATION_FORMAT = "dwarf-with-dsym";
				ENABLE_NS_ASSERTIONS = NO;
				ENABLE_STRICT_OBJC_MSGSEND = YES;
				GCC_C_LANGUAGE_STANDARD = gnu99;
				GCC_NO_COMMON_BLOCKS = YES;
				GCC_WARN_64_TO_32_BIT_CONVERSION = YES;
				GCC_WARN_ABOUT_RETURN_TYPE = YES_ERROR;
				GCC_WARN_UNDECLARED_SELECTOR = YES;
				GCC_WARN_UNINITIALIZED_AUTOS = YES_AGGRESSIVE;
				GCC_WARN_UNUSED_FUNCTION = YES;
				GCC_WARN_UNUSED_VARIABLE = YES;
				IPHONEOS_DEPLOYMENT_TARGET = 9.0;
				MTL_ENABLE_DEBUG_INFO = NO;
				SDKROOT = iphoneos;
				VALIDATE_PRODUCT = YES;
			};
			name = Release;
		};
		18FE6F411CF6D2E4000B0A90 /* Debug */ = {
			isa = XCBuildConfiguration;
			baseConfigurationReference = DFC00438995ACA739090220D /* Pods-NetworkClassRoom.debug.xcconfig */;
			buildSettings = {
				ASSETCATALOG_COMPILER_APPICON_NAME = AppIcon;
				GCC_PRECOMPILE_PREFIX_HEADER = YES;
				GCC_PREFIX_HEADER = "$(SRCROOT)/NetworkClassRoom/PrefixHeader.pch";
				INFOPLIST_FILE = NetworkClassRoom/Info.plist;
				LD_RUNPATH_SEARCH_PATHS = "$(inherited) @executable_path/Frameworks";
				PRODUCT_BUNDLE_IDENTIFIER = cc.suzhenyu.NetworkClassRoom;
				PRODUCT_NAME = "$(TARGET_NAME)";
				USER_HEADER_SEARCH_PATHS = "${SRCROOT}/**";
			};
			name = Debug;
		};
		18FE6F421CF6D2E4000B0A90 /* Release */ = {
			isa = XCBuildConfiguration;
			baseConfigurationReference = B6A5156CB77567A82AF1775E /* Pods-NetworkClassRoom.release.xcconfig */;
			buildSettings = {
				ASSETCATALOG_COMPILER_APPICON_NAME = AppIcon;
				GCC_PRECOMPILE_PREFIX_HEADER = YES;
				GCC_PREFIX_HEADER = "$(SRCROOT)/NetworkClassRoom/PrefixHeader.pch";
				INFOPLIST_FILE = NetworkClassRoom/Info.plist;
				LD_RUNPATH_SEARCH_PATHS = "$(inherited) @executable_path/Frameworks";
				PRODUCT_BUNDLE_IDENTIFIER = cc.suzhenyu.NetworkClassRoom;
				PRODUCT_NAME = "$(TARGET_NAME)";
				USER_HEADER_SEARCH_PATHS = "${SRCROOT}/**";
			};
			name = Release;
		};
/* End XCBuildConfiguration section */

/* Begin XCConfigurationList section */
		18FE6F241CF6D2E4000B0A90 /* Build configuration list for PBXProject "NetworkClassRoom" */ = {
			isa = XCConfigurationList;
			buildConfigurations = (
				18FE6F3E1CF6D2E4000B0A90 /* Debug */,
				18FE6F3F1CF6D2E4000B0A90 /* Release */,
			);
			defaultConfigurationIsVisible = 0;
			defaultConfigurationName = Release;
		};
		18FE6F401CF6D2E4000B0A90 /* Build configuration list for PBXNativeTarget "NetworkClassRoom" */ = {
			isa = XCConfigurationList;
			buildConfigurations = (
				18FE6F411CF6D2E4000B0A90 /* Debug */,
				18FE6F421CF6D2E4000B0A90 /* Release */,
			);
			defaultConfigurationIsVisible = 0;
			defaultConfigurationName = Release;
		};
/* End XCConfigurationList section */
	};
	rootObject = 18FE6F211CF6D2E4000B0A90 /* Project object */;
}
